
Microsoft Visual Studio Solution File, Format Version 12.00
Project("{FAE04EC0-301F-11D3-BF4B-00C04F79EFBC}") = "IAOUEF2", "IAOUEF2\IAOUEF2.csproj", "{2B867659-EF84-4488-B30A-D0DA423AFB79}"
EndProject
Global
	GlobalSection(SolutionConfigurationPlatforms) = preSolution
		Debug|Any CPU = Debug|Any CPU
		Release|Any CPU = Release|Any CPU
	EndGlobalSection
	GlobalSection(ProjectConfigurationPlatforms) = postSolution
		{2B867659-EF84-4488-B30A-D0DA423AFB79}.Debug|Any CPU.ActiveCfg = Debug|Any CPU
		{2B867659-EF84-4488-B30A-D0DA423AFB79}.Debug|Any CPU.Build.0 = Debug|Any CPU
		{2B867659-EF84-4488-B30A-D0DA423AFB79}.Release|Any CPU.ActiveCfg = Release|Any CPU
		{2B867659-EF84-4488-B30A-D0DA423AFB79}.Release|Any CPU.Build.0 = Release|Any CPU
	EndGlobalSection
EndGlobal
